
Microsoft Visual Studio Solution File, Format Version 12.00
# Visual Studio Version 16
VisualStudioVersion = 16.0.30804.86
MinimumVisualStudioVersion = 10.0.40219.1
Project("{FAE04EC0-301F-11D3-BF4B-00C04F79EFBC}") = "CryptoService", "CryptoService.csproj", "{227A64A8-6890-4F8E-AB70-D346FB6DCE12}"
EndProject
Global
	GlobalSection(SolutionConfigurationPlatforms) = preSolution
		Debug|Any CPU = Debug|Any CPU
		Release|Any CPU = Release|Any CPU
	EndGlobalSection
	GlobalSection(ProjectConfigurationPlatforms) = postSolution
		{227A64A8-6890-4F8E-AB70-D346FB6DCE12}.Debug|Any CPU.ActiveCfg = Debug|Any CPU
		{227A64A8-6890-4F8E-AB70-D346FB6DCE12}.Debug|Any CPU.Build.0 = Debug|Any CPU
		{227A64A8-6890-4F8E-AB70-D346FB6DCE12}.Release|Any CPU.ActiveCfg = Release|Any CPU
		{227A64A8-6890-4F8E-AB70-D346FB6DCE12}.Release|Any CPU.Build.0 = Release|Any CPU
	EndGlobalSection
	GlobalSection(SolutionProperties) = preSolution
		HideSolutionNode = FALSE
	EndGlobalSection
	GlobalSection(ExtensibilityGlobals) = postSolution
		SolutionGuid = {A8FA5318-F49E-41CF-BAEB-929737353F5C}
	EndGlobalSection
EndGlobal
